
Microsoft Visual Studio Solution File, Format Version 12.00
# Visual Studio Version 17
VisualStudioVersion = 17.3.32825.248
MinimumVisualStudioVersion = 10.0.40219.1
Project("{FAE04EC0-301F-11D3-BF4B-00C04F79EFBC}") = "SystemBasic", "SystemBasic\SystemBasic.csproj", "{D0A3C99F-A30E-4930-82E0-D7B284696507}"
EndProject
Global
	GlobalSection(SolutionConfigurationPlatforms) = preSolution
		Debug|Any CPU = Debug|Any CPU
		Release|Any CPU = Release|Any CPU
	EndGlobalSection
	GlobalSection(ProjectConfigurationPlatforms) = postSolution
		{D0A3C99F-A30E-4930-82E0-D7B284696507}.Debug|Any CPU.ActiveCfg = Debug|Any CPU
		{D0A3C99F-A30E-4930-82E0-D7B284696507}.Debug|Any CPU.Build.0 = Debug|Any CPU
		{D0A3C99F-A30E-4930-82E0-D7B284696507}.Release|Any CPU.ActiveCfg = Release|Any CPU
		{D0A3C99F-A30E-4930-82E0-D7B284696507}.Release|Any CPU.Build.0 = Release|Any CPU
	EndGlobalSection
	GlobalSection(SolutionProperties) = preSolution
		HideSolutionNode = FALSE
	EndGlobalSection
	GlobalSection(ExtensibilityGlobals) = postSolution
		SolutionGuid = {EC0910A9-E8F1-4955-8B79-1697D1149D2A}
	EndGlobalSection
EndGlobal
